
Microsoft Visual Studio Solution File, Format Version 12.00
# Visual Studio Version 16
VisualStudioVersion = 16.0.30804.86
MinimumVisualStudioVersion = 10.0.40219.1
Project("{FAE04EC0-301F-11D3-BF4B-00C04F79EFBC}") = "Салон красоты", "Салон красоты\Салон красоты.csproj", "{A9F0AA7D-165B-43BD-B1E0-0756A3F14DBD}"
EndProject
Global
	GlobalSection(SolutionConfigurationPlatforms) = preSolution
		Debug|Any CPU = Debug|Any CPU
		Release|Any CPU = Release|Any CPU
	EndGlobalSection
	GlobalSection(ProjectConfigurationPlatforms) = postSolution
		{A9F0AA7D-165B-43BD-B1E0-0756A3F14DBD}.Debug|Any CPU.ActiveCfg = Debug|Any CPU
		{A9F0AA7D-165B-43BD-B1E0-0756A3F14DBD}.Debug|Any CPU.Build.0 = Debug|Any CPU
		{A9F0AA7D-165B-43BD-B1E0-0756A3F14DBD}.Release|Any CPU.ActiveCfg = Release|Any CPU
		{A9F0AA7D-165B-43BD-B1E0-0756A3F14DBD}.Release|Any CPU.Build.0 = Release|Any CPU
	EndGlobalSection
	GlobalSection(SolutionProperties) = preSolution
		HideSolutionNode = FALSE
	EndGlobalSection
	GlobalSection(ExtensibilityGlobals) = postSolution
		SolutionGuid = {833500FD-57A3-430E-980B-9BD7CBEA95FA}
	EndGlobalSection
EndGlobal
